
Microsoft Visual Studio Solution File, Format Version 12.00
# Visual Studio Version 16
VisualStudioVersion = 16.0.30204.135
MinimumVisualStudioVersion = 10.0.40219.1
Project("{9A19103F-16F7-4668-BE54-9A1E7A4F7556}") = "CrossMod", "CrossMod\CrossMod.csproj", "{F9AA9734-A74E-4E28-BA16-6E97A063DD20}"
EndProject
Project("{9A19103F-16F7-4668-BE54-9A1E7A4F7556}") = "CrossModGui", "CrossModGui\CrossModGui.csproj", "{AC7551CA-97B0-4DBB-BE05-DEC8E9ABC441}"
EndProject
Project("{9A19103F-16F7-4668-BE54-9A1E7A4F7556}") = "XmbLib", "XMBLib\XmbLib.csproj", "{A95F40A2-5645-4E2A-A69D-E9ADD09FA9D2}"
EndProject
Project("{9A19103F-16F7-4668-BE54-9A1E7A4F7556}") = "SsbhLib", "SsbhLib\SsbhLib.csproj", "{DDBA0ADC-EE80-4813-8EB3-50529C60BB15}"
EndProject
Project("{9A19103F-16F7-4668-BE54-9A1E7A4F7556}") = "SsbhBatchProcess", "SsbhBatchProcess\SsbhBatchProcess.csproj", "{C14EEAB3-AA9E-431B-8CC8-A73F9D13391E}"
EndProject
Project("{9A19103F-16F7-4668-BE54-9A1E7A4F7556}") = "SsbhLib.Test", "SsbhLib.Test\SsbhLib.Test.csproj", "{B97F5508-2897-4AE6-95A6-D3D4A16D4829}"
EndProject
Project("{9A19103F-16F7-4668-BE54-9A1E7A4F7556}") = "MatLab", "MatLab\MatLab.csproj", "{8515C96F-1F36-4B6F-ABDF-EE2DDEA02D2A}"
EndProject
Project("{9A19103F-16F7-4668-BE54-9A1E7A4F7556}") = "NuanmbToJson", "NuanmbToJson\NuanmbToJson.csproj", "{64642703-51D4-4DF6-8BFB-7D351E2B4BA2}"
EndProject
Project("{9A19103F-16F7-4668-BE54-9A1E7A4F7556}") = "CrossMod.Test", "CrossMod.Test\CrossMod.Test.csproj", "{3BE3E010-F939-4ECA-BA40-50C6B4528F4A}"
EndProject
Project("{9A19103F-16F7-4668-BE54-9A1E7A4F7556}") = "BatchExportNumatbToXml", "BatchExportNumatbToXml\BatchExportNumatbToXml.csproj", "{B6A9E036-1A83-48D4-9335-289D465E3731}"
EndProject
Project("{9A19103F-16F7-4668-BE54-9A1E7A4F7556}") = "CrossMod.MaterialValidation", "CrossMod.MaterialValidation\CrossMod.MaterialValidation.csproj", "{4982CEA0-BCEA-442B-957A-FD308785A5AC}"
EndProject
Project("{9A19103F-16F7-4668-BE54-9A1E7A4F7556}") = "CrossMod.MaterialValidation.Test", "CrossMod.MaterialValidation.Test\CrossMod.MaterialValidation.Test.csproj", "{7C7AD75D-94DF-4E41-AFD0-192AEDA24595}"
EndProject
Project("{FAE04EC0-301F-11D3-BF4B-00C04F79EFBC}") = "BatchExportShaderBinaries", "BatchExportShaderBinaries\BatchExportShaderBinaries.csproj", "{BEEBA7EC-33E0-40C5-A14D-0E7F1E0F317F}"
EndProject
Global
	GlobalSection(SolutionConfigurationPlatforms) = preSolution
		Debug|Any CPU = Debug|Any CPU
		Release|Any CPU = Release|Any CPU
	EndGlobalSection
	GlobalSection(ProjectConfigurationPlatforms) = postSolution
		{F9AA9734-A74E-4E28-BA16-6E97A063DD20}.Debug|Any CPU.ActiveCfg = Debug|Any CPU
		{F9AA9734-A74E-4E28-BA16-6E97A063DD20}.Debug|Any CPU.Build.0 = Debug|Any CPU
		{F9AA9734-A74E-4E28-BA16-6E97A063DD20}.Release|Any CPU.ActiveCfg = Release|Any CPU
		{F9AA9734-A74E-4E28-BA16-6E97A063DD20}.Release|Any CPU.Build.0 = Release|Any CPU
		{AC7551CA-97B0-4DBB-BE05-DEC8E9ABC441}.Debug|Any CPU.ActiveCfg = Debug|Any CPU
		{AC7551CA-97B0-4DBB-BE05-DEC8E9ABC441}.Debug|Any CPU.Build.0 = Debug|Any CPU
		{AC7551CA-97B0-4DBB-BE05-DEC8E9ABC441}.Release|Any CPU.ActiveCfg = Release|Any CPU
		{AC7551CA-97B0-4DBB-BE05-DEC8E9ABC441}.Release|Any CPU.Build.0 = Release|Any CPU
		{A95F40A2-5645-4E2A-A69D-E9ADD09FA9D2}.Debug|Any CPU.ActiveCfg = Debug|Any CPU
		{A95F40A2-5645-4E2A-A69D-E9ADD09FA9D2}.Debug|Any CPU.Build.0 = Debug|Any CPU
		{A95F40A2-5645-4E2A-A69D-E9ADD09FA9D2}.Release|Any CPU.ActiveCfg = Release|Any CPU
		{A95F40A2-5645-4E2A-A69D-E9ADD09FA9D2}.Release|Any CPU.Build.0 = Release|Any CPU
		{DDBA0ADC-EE80-4813-8EB3-50529C60BB15}.Debug|Any CPU.ActiveCfg = Debug|Any CPU
		{DDBA0ADC-EE80-4813-8EB3-50529C60BB15}.Debug|Any CPU.Build.0 = Debug|Any CPU
		{DDBA0ADC-EE80-4813-8EB3-50529C60BB15}.Release|Any CPU.ActiveCfg = Release|Any CPU
		{DDBA0ADC-EE80-4813-8EB3-50529C60BB15}.Release|Any CPU.Build.0 = Release|Any CPU
		{C14EEAB3-AA9E-431B-8CC8-A73F9D13391E}.Debug|Any CPU.ActiveCfg = Debug|Any CPU
		{C14EEAB3-AA9E-431B-8CC8-A73F9D13391E}.Debug|Any CPU.Build.0 = Debug|Any CPU
		{C14EEAB3-AA9E-431B-8CC8-A73F9D13391E}.Release|Any CPU.ActiveCfg = Release|Any CPU
		{C14EEAB3-AA9E-431B-8CC8-A73F9D13391E}.Release|Any CPU.Build.0 = Release|Any CPU
		{B97F5508-2897-4AE6-95A6-D3D4A16D4829}.Debug|Any CPU.ActiveCfg = Debug|Any CPU
		{B97F5508-2897-4AE6-95A6-D3D4A16D4829}.Debug|Any CPU.Build.0 = Debug|Any CPU
		{B97F5508-2897-4AE6-95A6-D3D4A16D4829}.Release|Any CPU.ActiveCfg = Release|Any CPU
		{B97F5508-2897-4AE6-95A6-D3D4A16D4829}.Release|Any CPU.Build.0 = Release|Any CPU
		{8515C96F-1F36-4B6F-ABDF-EE2DDEA02D2A}.Debug|Any CPU.ActiveCfg = Debug|Any CPU
		{8515C96F-1F36-4B6F-ABDF-EE2DDEA02D2A}.Debug|Any CPU.Build.0 = Debug|Any CPU
		{8515C96F-1F36-4B6F-ABDF-EE2DDEA02D2A}.Release|Any CPU.ActiveCfg = Release|Any CPU
		{8515C96F-1F36-4B6F-ABDF-EE2DDEA02D2A}.Release|Any CPU.Build.0 = Release|Any CPU
		{64642703-51D4-4DF6-8BFB-7D351E2B4BA2}.Debug|Any CPU.ActiveCfg = Debug|Any CPU
		{64642703-51D4-4DF6-8BFB-7D351E2B4BA2}.Debug|Any CPU.Build.0 = Debug|Any CPU
		{64642703-51D4-4DF6-8BFB-7D351E2B4BA2}.Release|Any CPU.ActiveCfg = Release|Any CPU
		{64642703-51D4-4DF6-8BFB-7D351E2B4BA2}.Release|Any CPU.Build.0 = Release|Any CPU
		{3BE3E010-F939-4ECA-BA40-50C6B4528F4A}.Debug|Any CPU.ActiveCfg = Debug|Any CPU
		{3BE3E010-F939-4ECA-BA40-50C6B4528F4A}.Debug|Any CPU.Build.0 = Debug|Any CPU
		{3BE3E010-F939-4ECA-BA40-50C6B4528F4A}.Release|Any CPU.ActiveCfg = Release|Any CPU
		{3BE3E010-F939-4ECA-BA40-50C6B4528F4A}.Release|Any CPU.Build.0 = Release|Any CPU
		{B6A9E036-1A83-48D4-9335-289D465E3731}.Debug|Any CPU.ActiveCfg = Debug|Any CPU
		{B6A9E036-1A83-48D4-9335-289D465E3731}.Debug|Any CPU.Build.0 = Debug|Any CPU
		{B6A9E036-1A83-48D4-9335-289D465E3731}.Release|Any CPU.ActiveCfg = Release|Any CPU
		{B6A9E036-1A83-48D4-9335-289D465E3731}.Release|Any CPU.Build.0 = Release|Any CPU
		{4982CEA0-BCEA-442B-957A-FD308785A5AC}.Debug|Any CPU.ActiveCfg = Debug|Any CPU
		{4982CEA0-BCEA-442B-957A-FD308785A5AC}.Debug|Any CPU.Build.0 = Debug|Any CPU
		{4982CEA0-BCEA-442B-957A-FD308785A5AC}.Release|Any CPU.ActiveCfg = Release|Any CPU
		{4982CEA0-BCEA-442B-957A-FD308785A5AC}.Release|Any CPU.Build.0 = Release|Any CPU
		{7C7AD75D-94DF-4E41-AFD0-192AEDA24595}.Debug|Any CPU.ActiveCfg = Debug|Any CPU
		{7C7AD75D-94DF-4E41-AFD0-192AEDA24595}.Debug|Any CPU.Build.0 = Debug|Any CPU
		{7C7AD75D-94DF-4E41-AFD0-192AEDA24595}.Release|Any CPU.ActiveCfg = Release|Any CPU
		{7C7AD75D-94DF-4E41-AFD0-192AEDA24595}.Release|Any CPU.Build.0 = Release|Any CPU
		{BEEBA7EC-33E0-40C5-A14D-0E7F1E0F317F}.Debug|Any CPU.ActiveCfg = Debug|Any CPU
		{BEEBA7EC-33E0-40C5-A14D-0E7F1E0F317F}.Debug|Any CPU.Build.0 = Debug|Any CPU
		{BEEBA7EC-33E0-40C5-A14D-0E7F1E0F317F}.Release|Any CPU.ActiveCfg = Release|Any CPU
		{BEEBA7EC-33E0-40C5-A14D-0E7F1E0F317F}.Release|Any CPU.Build.0 = Release|Any CPU
	EndGlobalSection
	GlobalSection(SolutionProperties) = preSolution
		HideSolutionNode = FALSE
	EndGlobalSection
	GlobalSection(ExtensibilityGlobals) = postSolution
		SolutionGuid = {5EBF20D7-79CF-4884-B387-7B46E7C8DE6C}
	EndGlobalSection
EndGlobal
