
Microsoft Visual Studio Solution File, Format Version 12.00
# Visual Studio 15
VisualStudioVersion = 15.0.27004.2005
MinimumVisualStudioVersion = 10.0.40219.1
Project("{FAE04EC0-301F-11D3-BF4B-00C04F79EFBC}") = "HBSSTester", "HBSSTester\HBSSTester.csproj", "{938ED26A-8FA1-400D-B0FC-AC5B120A6912}"
EndProject
Project("{FAE04EC0-301F-11D3-BF4B-00C04F79EFBC}") = "SSBHLib", "SSBHLib\SSBHLib.csproj", "{3F5DAF1A-B133-469E-807C-25484C80DBFC}"
EndProject
Project("{FAE04EC0-301F-11D3-BF4B-00C04F79EFBC}") = "CrossMod", "CrossMod\CrossMod.csproj", "{F9AA9734-A74E-4E28-BA16-6E97A063DD20}"
EndProject
Project("{FAE04EC0-301F-11D3-BF4B-00C04F79EFBC}") = "MatLab", "MatLab\MatLab.csproj", "{6942BDEB-F328-4B32-8A6E-9100FD3604F9}"
EndProject
Global
	GlobalSection(SolutionConfigurationPlatforms) = preSolution
		Debug|Any CPU = Debug|Any CPU
		Release|Any CPU = Release|Any CPU
	EndGlobalSection
	GlobalSection(ProjectConfigurationPlatforms) = postSolution
		{938ED26A-8FA1-400D-B0FC-AC5B120A6912}.Debug|Any CPU.ActiveCfg = Debug|Any CPU
		{938ED26A-8FA1-400D-B0FC-AC5B120A6912}.Debug|Any CPU.Build.0 = Debug|Any CPU
		{938ED26A-8FA1-400D-B0FC-AC5B120A6912}.Release|Any CPU.ActiveCfg = Release|Any CPU
		{938ED26A-8FA1-400D-B0FC-AC5B120A6912}.Release|Any CPU.Build.0 = Release|Any CPU
		{3F5DAF1A-B133-469E-807C-25484C80DBFC}.Debug|Any CPU.ActiveCfg = Debug|Any CPU
		{3F5DAF1A-B133-469E-807C-25484C80DBFC}.Debug|Any CPU.Build.0 = Debug|Any CPU
		{3F5DAF1A-B133-469E-807C-25484C80DBFC}.Release|Any CPU.ActiveCfg = Release|Any CPU
		{3F5DAF1A-B133-469E-807C-25484C80DBFC}.Release|Any CPU.Build.0 = Release|Any CPU
		{F9AA9734-A74E-4E28-BA16-6E97A063DD20}.Debug|Any CPU.ActiveCfg = Debug|Any CPU
		{F9AA9734-A74E-4E28-BA16-6E97A063DD20}.Debug|Any CPU.Build.0 = Debug|Any CPU
		{F9AA9734-A74E-4E28-BA16-6E97A063DD20}.Release|Any CPU.ActiveCfg = Release|Any CPU
		{F9AA9734-A74E-4E28-BA16-6E97A063DD20}.Release|Any CPU.Build.0 = Release|Any CPU
		{6942BDEB-F328-4B32-8A6E-9100FD3604F9}.Debug|Any CPU.ActiveCfg = Debug|Any CPU
		{6942BDEB-F328-4B32-8A6E-9100FD3604F9}.Debug|Any CPU.Build.0 = Debug|Any CPU
		{6942BDEB-F328-4B32-8A6E-9100FD3604F9}.Release|Any CPU.ActiveCfg = Release|Any CPU
		{6942BDEB-F328-4B32-8A6E-9100FD3604F9}.Release|Any CPU.Build.0 = Release|Any CPU
	EndGlobalSection
	GlobalSection(SolutionProperties) = preSolution
		HideSolutionNode = FALSE
	EndGlobalSection
	GlobalSection(ExtensibilityGlobals) = postSolution
		SolutionGuid = {5EBF20D7-79CF-4884-B387-7B46E7C8DE6C}
	EndGlobalSection
EndGlobal
